
Microsoft Visual Studio Solution File, Format Version 12.00
# Visual Studio Version 16
VisualStudioVersion = 16.0.30804.86
MinimumVisualStudioVersion = 10.0.40219.1
Project("{9A19103F-16F7-4668-BE54-9A1E7A4F7556}") = "Tp3", "Tp3\Tp3.csproj", "{1D9DD9C0-3F0F-4968-9160-5F3B8C53CEF1}"
EndProject
Project("{FAE04EC0-301F-11D3-BF4B-00C04F79EFBC}") = "Modelo", "Modelo\Modelo.csproj", "{814710A6-0B21-4F6A-94D3-C47FF06E7698}"
EndProject
Global
	GlobalSection(SolutionConfigurationPlatforms) = preSolution
		Debug|Any CPU = Debug|Any CPU
		Release|Any CPU = Release|Any CPU
	EndGlobalSection
	GlobalSection(ProjectConfigurationPlatforms) = postSolution
		{1D9DD9C0-3F0F-4968-9160-5F3B8C53CEF1}.Debug|Any CPU.ActiveCfg = Debug|Any CPU
		{1D9DD9C0-3F0F-4968-9160-5F3B8C53CEF1}.Debug|Any CPU.Build.0 = Debug|Any CPU
		{1D9DD9C0-3F0F-4968-9160-5F3B8C53CEF1}.Release|Any CPU.ActiveCfg = Release|Any CPU
		{1D9DD9C0-3F0F-4968-9160-5F3B8C53CEF1}.Release|Any CPU.Build.0 = Release|Any CPU
		{814710A6-0B21-4F6A-94D3-C47FF06E7698}.Debug|Any CPU.ActiveCfg = Debug|Any CPU
		{814710A6-0B21-4F6A-94D3-C47FF06E7698}.Debug|Any CPU.Build.0 = Debug|Any CPU
		{814710A6-0B21-4F6A-94D3-C47FF06E7698}.Release|Any CPU.ActiveCfg = Release|Any CPU
		{814710A6-0B21-4F6A-94D3-C47FF06E7698}.Release|Any CPU.Build.0 = Release|Any CPU
	EndGlobalSection
	GlobalSection(SolutionProperties) = preSolution
		HideSolutionNode = FALSE
	EndGlobalSection
	GlobalSection(ExtensibilityGlobals) = postSolution
		SolutionGuid = {A2D7157F-345F-4844-8969-7CAFFDAB5CF8}
	EndGlobalSection
EndGlobal
